
Microsoft Visual Studio Solution File, Format Version 10.00
# Visual Studio 2008
Project("{FAE04EC0-301F-11D3-BF4B-00C04F79EFBC}") = "SkybrarySearchPrototype", "SkybrarySearchPrototype\SkybrarySearchPrototype.csproj", "{9814016B-A58A-43A8-9495-038AB916097E}"
EndProject
Project("{FAE04EC0-301F-11D3-BF4B-00C04F79EFBC}") = "SkybrarySearch.Data", "SkybrarySearch.Data\SkybrarySearch.Data.csproj", "{B9D9B4C0-7AE7-459A-AA2E-A50670FCAF75}"
EndProject
Global
	GlobalSection(SolutionConfigurationPlatforms) = preSolution
		Debug|Any CPU = Debug|Any CPU
		Release|Any CPU = Release|Any CPU
	EndGlobalSection
	GlobalSection(ProjectConfigurationPlatforms) = postSolution
		{9814016B-A58A-43A8-9495-038AB916097E}.Debug|Any CPU.ActiveCfg = Debug|Any CPU
		{9814016B-A58A-43A8-9495-038AB916097E}.Debug|Any CPU.Build.0 = Debug|Any CPU
		{9814016B-A58A-43A8-9495-038AB916097E}.Release|Any CPU.ActiveCfg = Release|Any CPU
		{9814016B-A58A-43A8-9495-038AB916097E}.Release|Any CPU.Build.0 = Release|Any CPU
		{B9D9B4C0-7AE7-459A-AA2E-A50670FCAF75}.Debug|Any CPU.ActiveCfg = Debug|Any CPU
		{B9D9B4C0-7AE7-459A-AA2E-A50670FCAF75}.Debug|Any CPU.Build.0 = Debug|Any CPU
		{B9D9B4C0-7AE7-459A-AA2E-A50670FCAF75}.Release|Any CPU.ActiveCfg = Release|Any CPU
		{B9D9B4C0-7AE7-459A-AA2E-A50670FCAF75}.Release|Any CPU.Build.0 = Release|Any CPU
	EndGlobalSection
	GlobalSection(SolutionProperties) = preSolution
		HideSolutionNode = FALSE
	EndGlobalSection
EndGlobal
